// !$*UTF8*$!
{
	archiveVersion = 1;
	classes = {
	};
	objectVersion = 56;
	objects = {

/* Begin PBXBuildFile section */
		579002512AC53D2F008BCA3A /* Assignment5App.swift in Sources */ = {isa = PBXBuildFile; fileRef = 579002502AC53D2F008BCA3A /* Assignment5App.swift */; };
		579002532AC53D2F008BCA3A /* ContentView.swift in Sources */ = {isa = PBXBuildFile; fileRef = 579002522AC53D2F008BCA3A /* ContentView.swift */; };
		579002552AC53D31008BCA3A /* Assets.xcassets in Resources */ = {isa = PBXBuildFile; fileRef = 579002542AC53D31008BCA3A /* Assets.xcassets */; };
		579002592AC53D31008BCA3A /* Preview Assets.xcassets in Resources */ = {isa = PBXBuildFile; fileRef = 579002582AC53D31008BCA3A /* Preview Assets.xcassets */; };
		579002632AC53D31008BCA3A /* Assignment5Tests.swift in Sources */ = {isa = PBXBuildFile; fileRef = 579002622AC53D31008BCA3A /* Assignment5Tests.swift */; };
		5790026D2AC53D31008BCA3A /* Assignment5UITests.swift in Sources */ = {isa = PBXBuildFile; fileRef = 5790026C2AC53D31008BCA3A /* Assignment5UITests.swift */; };
		5790026F2AC53D31008BCA3A /* Assignment5UITestsLaunchTests.swift in Sources */ = {isa = PBXBuildFile; fileRef = 5790026E2AC53D31008BCA3A /* Assignment5UITestsLaunchTests.swift */; };
		579E5EBE2AD0BCA8004277F9 /* CountryModel.swift in Sources */ = {isa = PBXBuildFile; fileRef = 579E5EBD2AD0BCA8004277F9 /* CountryModel.swift */; };
		579E5EC62AD0BE92004277F9 /* CountryView.swift in Sources */ = {isa = PBXBuildFile; fileRef = 579E5EC52AD0BE92004277F9 /* CountryView.swift */; };
		579E5EC92AD0C022004277F9 /* CountryViewModel.swift in Sources */ = {isa = PBXBuildFile; fileRef = 579E5EC82AD0C022004277F9 /* CountryViewModel.swift */; };
		579E5ECC2AD0C38E004277F9 /* CurrenciesViewModel.swift in Sources */ = {isa = PBXBuildFile; fileRef = 579E5ECB2AD0C38E004277F9 /* CurrenciesViewModel.swift */; };
		579E5ED02AD0C44D004277F9 /* CurrenciesView.swift in Sources */ = {isa = PBXBuildFile; fileRef = 579E5ECF2AD0C44D004277F9 /* CurrenciesView.swift */; };
/* End PBXBuildFile section */

/* Begin PBXContainerItemProxy section */
		5790025F2AC53D31008BCA3A /* PBXContainerItemProxy */ = {
			isa = PBXContainerItemProxy;
			containerPortal = 579002452AC53D2F008BCA3A /* Project object */;
			proxyType = 1;
			remoteGlobalIDString = 5790024C2AC53D2F008BCA3A;
			remoteInfo = Assignment5;
		};
		579002692AC53D31008BCA3A /* PBXContainerItemProxy */ = {
			isa = PBXContainerItemProxy;
			containerPortal = 579002452AC53D2F008BCA3A /* Project object */;
			proxyType = 1;
			remoteGlobalIDString = 5790024C2AC53D2F008BCA3A;
			remoteInfo = Assignment5;
		};
/* End PBXContainerItemProxy section */

/* Begin PBXFileReference section */
		5790024D2AC53D2F008BCA3A /* Assignment5.app */ = {isa = PBXFileReference; explicitFileType = wrapper.application; includeInIndex = 0; path = Assignment5.app; sourceTree = BUILT_PRODUCTS_DIR; };
		579002502AC53D2F008BCA3A /* Assignment5App.swift */ = {isa = PBXFileReference; lastKnownFileType = sourcecode.swift; path = Assignment5App.swift; sourceTree = "<group>"; };
		579002522AC53D2F008BCA3A /* ContentView.swift */ = {isa = PBXFileReference; lastKnownFileType = sourcecode.swift; path = ContentView.swift; sourceTree = "<group>"; };
		579002542AC53D31008BCA3A /* Assets.xcassets */ = {isa = PBXFileReference; lastKnownFileType = folder.assetcatalog; path = Assets.xcassets; sourceTree = "<group>"; };
		579002562AC53D31008BCA3A /* Assignment5.entitlements */ = {isa = PBXFileReference; lastKnownFileType = text.plist.entitlements; path = Assignment5.entitlements; sourceTree = "<group>"; };
		579002582AC53D31008BCA3A /* Preview Assets.xcassets */ = {isa = PBXFileReference; lastKnownFileType = folder.assetcatalog; path = "Preview Assets.xcassets"; sourceTree = "<group>"; };
		5790025E2AC53D31008BCA3A /* Assignment5Tests.xctest */ = {isa = PBXFileReference; explicitFileType = wrapper.cfbundle; includeInIndex = 0; path = Assignment5Tests.xctest; sourceTree = BUILT_PRODUCTS_DIR; };
		579002622AC53D31008BCA3A /* Assignment5Tests.swift */ = {isa = PBXFileReference; lastKnownFileType = sourcecode.swift; path = Assignment5Tests.swift; sourceTree = "<group>"; };
		579002682AC53D31008BCA3A /* Assignment5UITests.xctest */ = {isa = PBXFileReference; explicitFileType = wrapper.cfbundle; includeInIndex = 0; path = Assignment5UITests.xctest; sourceTree = BUILT_PRODUCTS_DIR; };
		5790026C2AC53D31008BCA3A /* Assignment5UITests.swift */ = {isa = PBXFileReference; lastKnownFileType = sourcecode.swift; path = Assignment5UITests.swift; sourceTree = "<group>"; };
		5790026E2AC53D31008BCA3A /* Assignment5UITestsLaunchTests.swift */ = {isa = PBXFileReference; lastKnownFileType = sourcecode.swift; path = Assignment5UITestsLaunchTests.swift; sourceTree = "<group>"; };
		579E5EBD2AD0BCA8004277F9 /* CountryModel.swift */ = {isa = PBXFileReference; lastKnownFileType = sourcecode.swift; path = CountryModel.swift; sourceTree = "<group>"; };
		579E5EC52AD0BE92004277F9 /* CountryView.swift */ = {isa = PBXFileReference; lastKnownFileType = sourcecode.swift; path = CountryView.swift; sourceTree = "<group>"; };
		579E5EC82AD0C022004277F9 /* CountryViewModel.swift */ = {isa = PBXFileReference; lastKnownFileType = sourcecode.swift; path = CountryViewModel.swift; sourceTree = "<group>"; };
		579E5ECB2AD0C38E004277F9 /* CurrenciesViewModel.swift */ = {isa = PBXFileReference; lastKnownFileType = sourcecode.swift; path = CurrenciesViewModel.swift; sourceTree = "<group>"; };
		579E5ECF2AD0C44D004277F9 /* CurrenciesView.swift */ = {isa = PBXFileReference; lastKnownFileType = sourcecode.swift; path = CurrenciesView.swift; sourceTree = "<group>"; };
/* End PBXFileReference section */

/* Begin PBXFrameworksBuildPhase section */
		5790024A2AC53D2F008BCA3A /* Frameworks */ = {
			isa = PBXFrameworksBuildPhase;
			buildActionMask = 2147483647;
			files = (
			);
			runOnlyForDeploymentPostprocessing = 0;
		};
		5790025B2AC53D31008BCA3A /* Frameworks */ = {
			isa = PBXFrameworksBuildPhase;
			buildActionMask = 2147483647;
			files = (
			);
			runOnlyForDeploymentPostprocessing = 0;
		};
		579002652AC53D31008BCA3A /* Frameworks */ = {
			isa = PBXFrameworksBuildPhase;
			buildActionMask = 2147483647;
			files = (
			);
			runOnlyForDeploymentPostprocessing = 0;
		};
/* End PBXFrameworksBuildPhase section */

/* Begin PBXGroup section */
		579002442AC53D2F008BCA3A = {
			isa = PBXGroup;
			children = (
				5790024F2AC53D2F008BCA3A /* Assignment5 */,
				579002612AC53D31008BCA3A /* Assignment5Tests */,
				5790026B2AC53D31008BCA3A /* Assignment5UITests */,
				5790024E2AC53D2F008BCA3A /* Products */,
			);
			sourceTree = "<group>";
		};
		5790024E2AC53D2F008BCA3A /* Products */ = {
			isa = PBXGroup;
			children = (
				5790024D2AC53D2F008BCA3A /* Assignment5.app */,
				5790025E2AC53D31008BCA3A /* Assignment5Tests.xctest */,
				579002682AC53D31008BCA3A /* Assignment5UITests.xctest */,
			);
			name = Products;
			sourceTree = "<group>";
		};
		5790024F2AC53D2F008BCA3A /* Assignment5 */ = {
			isa = PBXGroup;
			children = (
				579E5ED12AD0C695004277F9 /* Main */,
				579E5ECA2AD0C376004277F9 /* Currencies */,
				579E5EBF2AD0BE23004277F9 /* Countries */,
				579002502AC53D2F008BCA3A /* Assignment5App.swift */,
				579002522AC53D2F008BCA3A /* ContentView.swift */,
				579002562AC53D31008BCA3A /* Assignment5.entitlements */,
				579002572AC53D31008BCA3A /* Preview Content */,
			);
			path = Assignment5;
			sourceTree = "<group>";
		};
		579002572AC53D31008BCA3A /* Preview Content */ = {
			isa = PBXGroup;
			children = (
				579002542AC53D31008BCA3A /* Assets.xcassets */,
				579002582AC53D31008BCA3A /* Preview Assets.xcassets */,
			);
			path = "Preview Content";
			sourceTree = "<group>";
		};
		579002612AC53D31008BCA3A /* Assignment5Tests */ = {
			isa = PBXGroup;
			children = (
				579002622AC53D31008BCA3A /* Assignment5Tests.swift */,
			);
			path = Assignment5Tests;
			sourceTree = "<group>";
		};
		5790026B2AC53D31008BCA3A /* Assignment5UITests */ = {
			isa = PBXGroup;
			children = (
				5790026C2AC53D31008BCA3A /* Assignment5UITests.swift */,
				5790026E2AC53D31008BCA3A /* Assignment5UITestsLaunchTests.swift */,
			);
			path = Assignment5UITests;
			sourceTree = "<group>";
		};
		579E5EBF2AD0BE23004277F9 /* Countries */ = {
			isa = PBXGroup;
			children = (
				579E5EC72AD0C010004277F9 /* ViewModel */,
				579E5EC32AD0BE5D004277F9 /* View */,
				579E5EC22AD0BE47004277F9 /* Model  */,
			);
			path = Countries;
			sourceTree = "<group>";
		};
		579E5EC22AD0BE47004277F9 /* Model  */ = {
			isa = PBXGroup;
			children = (
				579E5EBD2AD0BCA8004277F9 /* CountryModel.swift */,
			);
			path = "Model ";
			sourceTree = "<group>";
		};
		579E5EC32AD0BE5D004277F9 /* View */ = {
			isa = PBXGroup;
			children = (
				579E5EC52AD0BE92004277F9 /* CountryView.swift */,
			);
			path = View;
			sourceTree = "<group>";
		};
		579E5EC72AD0C010004277F9 /* ViewModel */ = {
			isa = PBXGroup;
			children = (
				579E5EC82AD0C022004277F9 /* CountryViewModel.swift */,
			);
			path = ViewModel;
			sourceTree = "<group>";
		};
		579E5ECA2AD0C376004277F9 /* Currencies */ = {
			isa = PBXGroup;
			children = (
				579E5ECE2AD0C3AC004277F9 /* View */,
				579E5ECD2AD0C396004277F9 /* Viewmodel */,
				579E5ECB2AD0C38E004277F9 /* CurrenciesViewModel.swift */,
			);
			path = Currencies;
			sourceTree = "<group>";
		};
		579E5ECD2AD0C396004277F9 /* Viewmodel */ = {
			isa = PBXGroup;
			children = (
			);
			path = Viewmodel;
			sourceTree = "<group>";
		};
		579E5ECE2AD0C3AC004277F9 /* View */ = {
			isa = PBXGroup;
			children = (
				579E5ECF2AD0C44D004277F9 /* CurrenciesView.swift */,
			);
			path = View;
			sourceTree = "<group>";
		};
		579E5ED12AD0C695004277F9 /* Main */ = {
			isa = PBXGroup;
			children = (
				579E5ED22AD0C69E004277F9 /* MainView */,
			);
			path = Main;
			sourceTree = "<group>";
		};
		579E5ED22AD0C69E004277F9 /* MainView */ = {
			isa = PBXGroup;
			children = (
			);
			path = MainView;
			sourceTree = "<group>";
		};
/* End PBXGroup section */

/* Begin PBXNativeTarget section */
		5790024C2AC53D2F008BCA3A /* Assignment5 */ = {
			isa = PBXNativeTarget;
			buildConfigurationList = 579002722AC53D31008BCA3A /* Build configuration list for PBXNativeTarget "Assignment5" */;
			buildPhases = (
				579002492AC53D2F008BCA3A /* Sources */,
				5790024A2AC53D2F008BCA3A /* Frameworks */,
				5790024B2AC53D2F008BCA3A /* Resources */,
			);
			buildRules = (
			);
			dependencies = (
			);
			name = Assignment5;
			productName = Assignment5;
			productReference = 5790024D2AC53D2F008BCA3A /* Assignment5.app */;
			productType = "com.apple.product-type.application";
		};
		5790025D2AC53D31008BCA3A /* Assignment5Tests */ = {
			isa = PBXNativeTarget;
			buildConfigurationList = 579002752AC53D31008BCA3A /* Build configuration list for PBXNativeTarget "Assignment5Tests" */;
			buildPhases = (
				5790025A2AC53D31008BCA3A /* Sources */,
				5790025B2AC53D31008BCA3A /* Frameworks */,
				5790025C2AC53D31008BCA3A /* Resources */,
			);
			buildRules = (
			);
			dependencies = (
				579002602AC53D31008BCA3A /* PBXTargetDependency */,
			);
			name = Assignment5Tests;
			productName = Assignment5Tests;
			productReference = 5790025E2AC53D31008BCA3A /* Assignment5Tests.xctest */;
			productType = "com.apple.product-type.bundle.unit-test";
		};
		579002672AC53D31008BCA3A /* Assignment5UITests */ = {
			isa = PBXNativeTarget;
			buildConfigurationList = 579002782AC53D31008BCA3A /* Build configuration list for PBXNativeTarget "Assignment5UITests" */;
			buildPhases = (
				579002642AC53D31008BCA3A /* Sources */,
				579002652AC53D31008BCA3A /* Frameworks */,
				579002662AC53D31008BCA3A /* Resources */,
			);
			buildRules = (
			);
			dependencies = (
				5790026A2AC53D31008BCA3A /* PBXTargetDependency */,
			);
			name = Assignment5UITests;
			productName = Assignment5UITests;
			productReference = 579002682AC53D31008BCA3A /* Assignment5UITests.xctest */;
			productType = "com.apple.product-type.bundle.ui-testing";
		};
/* End PBXNativeTarget section */

/* Begin PBXProject section */
		579002452AC53D2F008BCA3A /* Project object */ = {
			isa = PBXProject;
			attributes = {
				BuildIndependentTargetsInParallel = 1;
				LastSwiftUpdateCheck = 1430;
				LastUpgradeCheck = 1430;
				TargetAttributes = {
					5790024C2AC53D2F008BCA3A = {
						CreatedOnToolsVersion = 14.3.1;
					};
					5790025D2AC53D31008BCA3A = {
						CreatedOnToolsVersion = 14.3.1;
						TestTargetID = 5790024C2AC53D2F008BCA3A;
					};
					579002672AC53D31008BCA3A = {
						CreatedOnToolsVersion = 14.3.1;
						TestTargetID = 5790024C2AC53D2F008BCA3A;
					};
				};
			};
			buildConfigurationList = 579002482AC53D2F008BCA3A /* Build configuration list for PBXProject "Assignment5" */;
			compatibilityVersion = "Xcode 14.0";
			developmentRegion = en;
			hasScannedForEncodings = 0;
			knownRegions = (
				en,
				Base,
			);
			mainGroup = 579002442AC53D2F008BCA3A;
			productRefGroup = 5790024E2AC53D2F008BCA3A /* Products */;
			projectDirPath = "";
			projectRoot = "";
			targets = (
				5790024C2AC53D2F008BCA3A /* Assignment5 */,
				5790025D2AC53D31008BCA3A /* Assignment5Tests */,
				579002672AC53D31008BCA3A /* Assignment5UITests */,
			);
		};
/* End PBXProject section */

/* Begin PBXResourcesBuildPhase section */
		5790024B2AC53D2F008BCA3A /* Resources */ = {
			isa = PBXResourcesBuildPhase;
			buildActionMask = 2147483647;
			files = (
				579002592AC53D31008BCA3A /* Preview Assets.xcassets in Resources */,
				579002552AC53D31008BCA3A /* Assets.xcassets in Resources */,
			);
			runOnlyForDeploymentPostprocessing = 0;
		};
		5790025C2AC53D31008BCA3A /* Resources */ = {
			isa = PBXResourcesBuildPhase;
			buildActionMask = 2147483647;
			files = (
			);
			runOnlyForDeploymentPostprocessing = 0;
		};
		579002662AC53D31008BCA3A /* Resources */ = {
			isa = PBXResourcesBuildPhase;
			buildActionMask = 2147483647;
			files = (
			);
			runOnlyForDeploymentPostprocessing = 0;
		};
/* End PBXResourcesBuildPhase section */

/* Begin PBXSourcesBuildPhase section */
		579002492AC53D2F008BCA3A /* Sources */ = {
			isa = PBXSourcesBuildPhase;
			buildActionMask = 2147483647;
			files = (
				579002532AC53D2F008BCA3A /* ContentView.swift in Sources */,
				579002512AC53D2F008BCA3A /* Assignment5App.swift in Sources */,
				579E5EBE2AD0BCA8004277F9 /* CountryModel.swift in Sources */,
				579E5ECC2AD0C38E004277F9 /* CurrenciesViewModel.swift in Sources */,
				579E5EC62AD0BE92004277F9 /* CountryView.swift in Sources */,
				579E5ED02AD0C44D004277F9 /* CurrenciesView.swift in Sources */,
				579E5EC92AD0C022004277F9 /* CountryViewModel.swift in Sources */,
			);
			runOnlyForDeploymentPostprocessing = 0;
		};
		5790025A2AC53D31008BCA3A /* Sources */ = {
			isa = PBXSourcesBuildPhase;
			buildActionMask = 2147483647;
			files = (
				579002632AC53D31008BCA3A /* Assignment5Tests.swift in Sources */,
			);
			runOnlyForDeploymentPostprocessing = 0;
		};
		579002642AC53D31008BCA3A /* Sources */ = {
			isa = PBXSourcesBuildPhase;
			buildActionMask = 2147483647;
			files = (
				5790026D2AC53D31008BCA3A /* Assignment5UITests.swift in Sources */,
				5790026F2AC53D31008BCA3A /* Assignment5UITestsLaunchTests.swift in Sources */,
			);
			runOnlyForDeploymentPostprocessing = 0;
		};
/* End PBXSourcesBuildPhase section */

/* Begin PBXTargetDependency section */
		579002602AC53D31008BCA3A /* PBXTargetDependency */ = {
			isa = PBXTargetDependency;
			target = 5790024C2AC53D2F008BCA3A /* Assignment5 */;
			targetProxy = 5790025F2AC53D31008BCA3A /* PBXContainerItemProxy */;
		};
		5790026A2AC53D31008BCA3A /* PBXTargetDependency */ = {
			isa = PBXTargetDependency;
			target = 5790024C2AC53D2F008BCA3A /* Assignment5 */;
			targetProxy = 579002692AC53D31008BCA3A /* PBXContainerItemProxy */;
		};
/* End PBXTargetDependency section */

/* Begin XCBuildConfiguration section */
		579002702AC53D31008BCA3A /* Debug */ = {
			isa = XCBuildConfiguration;
			buildSettings = {
				ALWAYS_SEARCH_USER_PATHS = NO;
				CLANG_ANALYZER_NONNULL = YES;
				CLANG_ANALYZER_NUMBER_OBJECT_CONVERSION = YES_AGGRESSIVE;
				CLANG_CXX_LANGUAGE_STANDARD = "gnu++20";
				CLANG_ENABLE_MODULES = YES;
				CLANG_ENABLE_OBJC_ARC = YES;
				CLANG_ENABLE_OBJC_WEAK = YES;
				CLANG_WARN_BLOCK_CAPTURE_AUTORELEASING = YES;
				CLANG_WARN_BOOL_CONVERSION = YES;
				CLANG_WARN_COMMA = YES;
				CLANG_WARN_CONSTANT_CONVERSION = YES;
				CLANG_WARN_DEPRECATED_OBJC_IMPLEMENTATIONS = YES;
				CLANG_WARN_DIRECT_OBJC_ISA_USAGE = YES_ERROR;
				CLANG_WARN_DOCUMENTATION_COMMENTS = YES;
				CLANG_WARN_EMPTY_BODY = YES;
				CLANG_WARN_ENUM_CONVERSION = YES;
				CLANG_WARN_INFINITE_RECURSION = YES;
				CLANG_WARN_INT_CONVERSION = YES;
				CLANG_WARN_NON_LITERAL_NULL_CONVERSION = YES;
				CLANG_WARN_OBJC_IMPLICIT_RETAIN_SELF = YES;
				CLANG_WARN_OBJC_LITERAL_CONVERSION = YES;
				CLANG_WARN_OBJC_ROOT_CLASS = YES_ERROR;
				CLANG_WARN_QUOTED_INCLUDE_IN_FRAMEWORK_HEADER = YES;
				CLANG_WARN_RANGE_LOOP_ANALYSIS = YES;
				CLANG_WARN_STRICT_PROTOTYPES = YES;
				CLANG_WARN_SUSPICIOUS_MOVE = YES;
				CLANG_WARN_UNGUARDED_AVAILABILITY = YES_AGGRESSIVE;
				CLANG_WARN_UNREACHABLE_CODE = YES;
				CLANG_WARN__DUPLICATE_METHOD_MATCH = YES;
				COPY_PHASE_STRIP = NO;
				DEBUG_INFORMATION_FORMAT = dwarf;
				ENABLE_STRICT_OBJC_MSGSEND = YES;
				ENABLE_TESTABILITY = YES;
				GCC_C_LANGUAGE_STANDARD = gnu11;
				GCC_DYNAMIC_NO_PIC = NO;
				GCC_NO_COMMON_BLOCKS = YES;
				GCC_OPTIMIZATION_LEVEL = 0;
				GCC_PREPROCESSOR_DEFINITIONS = (
					"DEBUG=1",
					"$(inherited)",
				);
				GCC_WARN_64_TO_32_BIT_CONVERSION = YES;
				GCC_WARN_ABOUT_RETURN_TYPE = YES_ERROR;
				GCC_WARN_UNDECLARED_SELECTOR = YES;
				GCC_WARN_UNINITIALIZED_AUTOS = YES_AGGRESSIVE;
				GCC_WARN_UNUSED_FUNCTION = YES;
				GCC_WARN_UNUSED_VARIABLE = YES;
				MTL_ENABLE_DEBUG_INFO = INCLUDE_SOURCE;
				MTL_FAST_MATH = YES;
				ONLY_ACTIVE_ARCH = YES;
				SWIFT_ACTIVE_COMPILATION_CONDITIONS = DEBUG;
				SWIFT_OPTIMIZATION_LEVEL = "-Onone";
			};
			name = Debug;
		};
		579002712AC53D31008BCA3A /* Release */ = {
			isa = XCBuildConfiguration;
			buildSettings = {
				ALWAYS_SEARCH_USER_PATHS = NO;
				CLANG_ANALYZER_NONNULL = YES;
				CLANG_ANALYZER_NUMBER_OBJECT_CONVERSION = YES_AGGRESSIVE;
				CLANG_CXX_LANGUAGE_STANDARD = "gnu++20";
				CLANG_ENABLE_MODULES = YES;
				CLANG_ENABLE_OBJC_ARC = YES;
				CLANG_ENABLE_OBJC_WEAK = YES;
				CLANG_WARN_BLOCK_CAPTURE_AUTORELEASING = YES;
				CLANG_WARN_BOOL_CONVERSION = YES;
				CLANG_WARN_COMMA = YES;
				CLANG_WARN_CONSTANT_CONVERSION = YES;
				CLANG_WARN_DEPRECATED_OBJC_IMPLEMENTATIONS = YES;
				CLANG_WARN_DIRECT_OBJC_ISA_USAGE = YES_ERROR;
				CLANG_WARN_DOCUMENTATION_COMMENTS = YES;
				CLANG_WARN_EMPTY_BODY = YES;
				CLANG_WARN_ENUM_CONVERSION = YES;
				CLANG_WARN_INFINITE_RECURSION = YES;
				CLANG_WARN_INT_CONVERSION = YES;
				CLANG_WARN_NON_LITERAL_NULL_CONVERSION = YES;
				CLANG_WARN_OBJC_IMPLICIT_RETAIN_SELF = YES;
				CLANG_WARN_OBJC_LITERAL_CONVERSION = YES;
				CLANG_WARN_OBJC_ROOT_CLASS = YES_ERROR;
				CLANG_WARN_QUOTED_INCLUDE_IN_FRAMEWORK_HEADER = YES;
				CLANG_WARN_RANGE_LOOP_ANALYSIS = YES;
				CLANG_WARN_STRICT_PROTOTYPES = YES;
				CLANG_WARN_SUSPICIOUS_MOVE = YES;
				CLANG_WARN_UNGUARDED_AVAILABILITY = YES_AGGRESSIVE;
				CLANG_WARN_UNREACHABLE_CODE = YES;
				CLANG_WARN__DUPLICATE_METHOD_MATCH = YES;
				COPY_PHASE_STRIP = NO;
				DEBUG_INFORMATION_FORMAT = "dwarf-with-dsym";
				ENABLE_NS_ASSERTIONS = NO;
				ENABLE_STRICT_OBJC_MSGSEND = YES;
				GCC_C_LANGUAGE_STANDARD = gnu11;
				GCC_NO_COMMON_BLOCKS = YES;
				GCC_WARN_64_TO_32_BIT_CONVERSION = YES;
				GCC_WARN_ABOUT_RETURN_TYPE = YES_ERROR;
				GCC_WARN_UNDECLARED_SELECTOR = YES;
				GCC_WARN_UNINITIALIZED_AUTOS = YES_AGGRESSIVE;
				GCC_WARN_UNUSED_FUNCTION = YES;
				GCC_WARN_UNUSED_VARIABLE = YES;
				MTL_ENABLE_DEBUG_INFO = NO;
				MTL_FAST_MATH = YES;
				SWIFT_COMPILATION_MODE = wholemodule;
				SWIFT_OPTIMIZATION_LEVEL = "-O";
			};
			name = Release;
		};
		579002732AC53D31008BCA3A /* Debug */ = {
			isa = XCBuildConfiguration;
			buildSettings = {
				ASSETCATALOG_COMPILER_APPICON_NAME = AppIcon;
				ASSETCATALOG_COMPILER_GLOBAL_ACCENT_COLOR_NAME = AccentColor;
				CODE_SIGN_ENTITLEMENTS = Assignment5/Assignment5.entitlements;
				CODE_SIGN_STYLE = Automatic;
				CURRENT_PROJECT_VERSION = 1;
				DEVELOPMENT_ASSET_PATHS = "\"Assignment5/Preview Content\"";
				ENABLE_PREVIEWS = YES;
				GENERATE_INFOPLIST_FILE = YES;
				"INFOPLIST_KEY_UIApplicationSceneManifest_Generation[sdk=iphoneos*]" = YES;
				"INFOPLIST_KEY_UIApplicationSceneManifest_Generation[sdk=iphonesimulator*]" = YES;
				"INFOPLIST_KEY_UIApplicationSupportsIndirectInputEvents[sdk=iphoneos*]" = YES;
				"INFOPLIST_KEY_UIApplicationSupportsIndirectInputEvents[sdk=iphonesimulator*]" = YES;
				"INFOPLIST_KEY_UILaunchScreen_Generation[sdk=iphoneos*]" = YES;
				"INFOPLIST_KEY_UILaunchScreen_Generation[sdk=iphonesimulator*]" = YES;
				"INFOPLIST_KEY_UIStatusBarStyle[sdk=iphoneos*]" = UIStatusBarStyleDefault;
				"INFOPLIST_KEY_UIStatusBarStyle[sdk=iphonesimulator*]" = UIStatusBarStyleDefault;
				INFOPLIST_KEY_UISupportedInterfaceOrientations_iPad = "UIInterfaceOrientationPortrait UIInterfaceOrientationPortraitUpsideDown UIInterfaceOrientationLandscapeLeft UIInterfaceOrientationLandscapeRight";
				INFOPLIST_KEY_UISupportedInterfaceOrientations_iPhone = "UIInterfaceOrientationPortrait UIInterfaceOrientationLandscapeLeft UIInterfaceOrientationLandscapeRight";
				IPHONEOS_DEPLOYMENT_TARGET = 16.4;
				LD_RUNPATH_SEARCH_PATHS = "@executable_path/Frameworks";
				"LD_RUNPATH_SEARCH_PATHS[sdk=macosx*]" = "@executable_path/../Frameworks";
				MACOSX_DEPLOYMENT_TARGET = 13.3;
				MARKETING_VERSION = 1.0;
				PRODUCT_BUNDLE_IDENTIFIER = Practice.Assignment5;
				PRODUCT_NAME = "$(TARGET_NAME)";
				SDKROOT = auto;
				SUPPORTED_PLATFORMS = "iphoneos iphonesimulator macosx";
				SWIFT_EMIT_LOC_STRINGS = YES;
				SWIFT_VERSION = 5.0;
				TARGETED_DEVICE_FAMILY = "1,2";
			};
			name = Debug;
		};
		579002742AC53D31008BCA3A /* Release */ = {
			isa = XCBuildConfiguration;
			buildSettings = {
				ASSETCATALOG_COMPILER_APPICON_NAME = AppIcon;
				ASSETCATALOG_COMPILER_GLOBAL_ACCENT_COLOR_NAME = AccentColor;
				CODE_SIGN_ENTITLEMENTS = Assignment5/Assignment5.entitlements;
				CODE_SIGN_STYLE = Automatic;
				CURRENT_PROJECT_VERSION = 1;
				DEVELOPMENT_ASSET_PATHS = "\"Assignment5/Preview Content\"";
				ENABLE_PREVIEWS = YES;
				GENERATE_INFOPLIST_FILE = YES;
				"INFOPLIST_KEY_UIApplicationSceneManifest_Generation[sdk=iphoneos*]" = YES;
				"INFOPLIST_KEY_UIApplicationSceneManifest_Generation[sdk=iphonesimulator*]" = YES;
				"INFOPLIST_KEY_UIApplicationSupportsIndirectInputEvents[sdk=iphoneos*]" = YES;
				"INFOPLIST_KEY_UIApplicationSupportsIndirectInputEvents[sdk=iphonesimulator*]" = YES;
				"INFOPLIST_KEY_UILaunchScreen_Generation[sdk=iphoneos*]" = YES;
				"INFOPLIST_KEY_UILaunchScreen_Generation[sdk=iphonesimulator*]" = YES;
				"INFOPLIST_KEY_UIStatusBarStyle[sdk=iphoneos*]" = UIStatusBarStyleDefault;
				"INFOPLIST_KEY_UIStatusBarStyle[sdk=iphonesimulator*]" = UIStatusBarStyleDefault;
				INFOPLIST_KEY_UISupportedInterfaceOrientations_iPad = "UIInterfaceOrientationPortrait UIInterfaceOrientationPortraitUpsideDown UIInterfaceOrientationLandscapeLeft UIInterfaceOrientationLandscapeRight";
				INFOPLIST_KEY_UISupportedInterfaceOrientations_iPhone = "UIInterfaceOrientationPortrait UIInterfaceOrientationLandscapeLeft UIInterfaceOrientationLandscapeRight";
				IPHONEOS_DEPLOYMENT_TARGET = 16.4;
				LD_RUNPATH_SEARCH_PATHS = "@executable_path/Frameworks";
				"LD_RUNPATH_SEARCH_PATHS[sdk=macosx*]" = "@executable_path/../Frameworks";
				MACOSX_DEPLOYMENT_TARGET = 13.3;
				MARKETING_VERSION = 1.0;
				PRODUCT_BUNDLE_IDENTIFIER = Practice.Assignment5;
				PRODUCT_NAME = "$(TARGET_NAME)";
				SDKROOT = auto;
				SUPPORTED_PLATFORMS = "iphoneos iphonesimulator macosx";
				SWIFT_EMIT_LOC_STRINGS = YES;
				SWIFT_VERSION = 5.0;
				TARGETED_DEVICE_FAMILY = "1,2";
			};
			name = Release;
		};
		579002762AC53D31008BCA3A /* Debug */ = {
			isa = XCBuildConfiguration;
			buildSettings = {
				ALWAYS_EMBED_SWIFT_STANDARD_LIBRARIES = YES;
				BUNDLE_LOADER = "$(TEST_HOST)";
				CODE_SIGN_STYLE = Automatic;
				CURRENT_PROJECT_VERSION = 1;
				GENERATE_INFOPLIST_FILE = YES;
				IPHONEOS_DEPLOYMENT_TARGET = 16.4;
				MACOSX_DEPLOYMENT_TARGET = 13.3;
				MARKETING_VERSION = 1.0;
				PRODUCT_BUNDLE_IDENTIFIER = Practice.Assignment5Tests;
				PRODUCT_NAME = "$(TARGET_NAME)";
				SDKROOT = auto;
				SUPPORTED_PLATFORMS = "iphoneos iphonesimulator macosx";
				SWIFT_EMIT_LOC_STRINGS = NO;
				SWIFT_VERSION = 5.0;
				TARGETED_DEVICE_FAMILY = "1,2";
				TEST_HOST = "$(BUILT_PRODUCTS_DIR)/Assignment5.app/$(BUNDLE_EXECUTABLE_FOLDER_PATH)/Assignment5";
			};
			name = Debug;
		};
		579002772AC53D31008BCA3A /* Release */ = {
			isa = XCBuildConfiguration;
			buildSettings = {
				ALWAYS_EMBED_SWIFT_STANDARD_LIBRARIES = YES;
				BUNDLE_LOADER = "$(TEST_HOST)";
				CODE_SIGN_STYLE = Automatic;
				CURRENT_PROJECT_VERSION = 1;
				GENERATE_INFOPLIST_FILE = YES;
				IPHONEOS_DEPLOYMENT_TARGET = 16.4;
				MACOSX_DEPLOYMENT_TARGET = 13.3;
				MARKETING_VERSION = 1.0;
				PRODUCT_BUNDLE_IDENTIFIER = Practice.Assignment5Tests;
				PRODUCT_NAME = "$(TARGET_NAME)";
				SDKROOT = auto;
				SUPPORTED_PLATFORMS = "iphoneos iphonesimulator macosx";
				SWIFT_EMIT_LOC_STRINGS = NO;
				SWIFT_VERSION = 5.0;
				TARGETED_DEVICE_FAMILY = "1,2";
				TEST_HOST = "$(BUILT_PRODUCTS_DIR)/Assignment5.app/$(BUNDLE_EXECUTABLE_FOLDER_PATH)/Assignment5";
			};
			name = Release;
		};
		579002792AC53D31008BCA3A /* Debug */ = {
			isa = XCBuildConfiguration;
			buildSettings = {
				ALWAYS_EMBED_SWIFT_STANDARD_LIBRARIES = YES;
				CODE_SIGN_STYLE = Automatic;
				CURRENT_PROJECT_VERSION = 1;
				GENERATE_INFOPLIST_FILE = YES;
				IPHONEOS_DEPLOYMENT_TARGET = 16.4;
				MACOSX_DEPLOYMENT_TARGET = 13.3;
				MARKETING_VERSION = 1.0;
				PRODUCT_BUNDLE_IDENTIFIER = Practice.Assignment5UITests;
				PRODUCT_NAME = "$(TARGET_NAME)";
				SDKROOT = auto;
				SUPPORTED_PLATFORMS = "iphoneos iphonesimulator macosx";
				SWIFT_EMIT_LOC_STRINGS = NO;
				SWIFT_VERSION = 5.0;
				TARGETED_DEVICE_FAMILY = "1,2";
				TEST_TARGET_NAME = Assignment5;
			};
			name = Debug;
		};
		5790027A2AC53D31008BCA3A /* Release */ = {
			isa = XCBuildConfiguration;
			buildSettings = {
				ALWAYS_EMBED_SWIFT_STANDARD_LIBRARIES = YES;
				CODE_SIGN_STYLE = Automatic;
				CURRENT_PROJECT_VERSION = 1;
				GENERATE_INFOPLIST_FILE = YES;
				IPHONEOS_DEPLOYMENT_TARGET = 16.4;
				MACOSX_DEPLOYMENT_TARGET = 13.3;
				MARKETING_VERSION = 1.0;
				PRODUCT_BUNDLE_IDENTIFIER = Practice.Assignment5UITests;
				PRODUCT_NAME = "$(TARGET_NAME)";
				SDKROOT = auto;
				SUPPORTED_PLATFORMS = "iphoneos iphonesimulator macosx";
				SWIFT_EMIT_LOC_STRINGS = NO;
				SWIFT_VERSION = 5.0;
				TARGETED_DEVICE_FAMILY = "1,2";
				TEST_TARGET_NAME = Assignment5;
			};
			name = Release;
		};
/* End XCBuildConfiguration section */

/* Begin XCConfigurationList section */
		579002482AC53D2F008BCA3A /* Build configuration list for PBXProject "Assignment5" */ = {
			isa = XCConfigurationList;
			buildConfigurations = (
				579002702AC53D31008BCA3A /* Debug */,
				579002712AC53D31008BCA3A /* Release */,
			);
			defaultConfigurationIsVisible = 0;
			defaultConfigurationName = Release;
		};
		579002722AC53D31008BCA3A /* Build configuration list for PBXNativeTarget "Assignment5" */ = {
			isa = XCConfigurationList;
			buildConfigurations = (
				579002732AC53D31008BCA3A /* Debug */,
				579002742AC53D31008BCA3A /* Release */,
			);
			defaultConfigurationIsVisible = 0;
			defaultConfigurationName = Release;
		};
		579002752AC53D31008BCA3A /* Build configuration list for PBXNativeTarget "Assignment5Tests" */ = {
			isa = XCConfigurationList;
			buildConfigurations = (
				579002762AC53D31008BCA3A /* Debug */,
				579002772AC53D31008BCA3A /* Release */,
			);
			defaultConfigurationIsVisible = 0;
			defaultConfigurationName = Release;
		};
		579002782AC53D31008BCA3A /* Build configuration list for PBXNativeTarget "Assignment5UITests" */ = {
			isa = XCConfigurationList;
			buildConfigurations = (
				579002792AC53D31008BCA3A /* Debug */,
				5790027A2AC53D31008BCA3A /* Release */,
			);
			defaultConfigurationIsVisible = 0;
			defaultConfigurationName = Release;
		};
/* End XCConfigurationList section */
	};
	rootObject = 579002452AC53D2F008BCA3A /* Project object */;
}
